Microsoft Visual Studio Solution File, Format Version 11.00
# Visual Studio 2008

Project("{5E72A4F1-E211-9FB0-A5BC-71BC5E668AF2}") = "Historyline", "Assembly-CSharp-firstpass-vs.csproj", "{930F4FB4-A2A7-E9EC-2BF3-B7A83FA2E5E1}"
EndProject
Project("{5E72A4F1-E211-9FB0-A5BC-71BC5E668AF2}") = "Historyline", "Assembly-CSharp-vs.csproj", "{05AEDB25-0244-BEA5-7336-3B7AC26A079F}"
EndProject
Project("{5E72A4F1-E211-9FB0-A5BC-71BC5E668AF2}") = "Historyline", "Assembly-CSharp-Editor-vs.csproj", "{68E4A899-FB4D-17E7-0974-27F89330675E}"
EndProject
Global
	GlobalSection(SolutionConfigurationPlatforms) = preSolution
		Debug|Any CPU = Debug|Any CPU
		Release|Any CPU = Release|Any CPU
	EndGlobalSection
	GlobalSection(ProjectConfigurationPlatforms) = postSolution
		{930F4FB4-A2A7-E9EC-2BF3-B7A83FA2E5E1}.Debug|Any CPU.ActiveCfg = Debug|Any CPU
		{930F4FB4-A2A7-E9EC-2BF3-B7A83FA2E5E1}.Debug|Any CPU.Build.0 = Debug|Any CPU
		{930F4FB4-A2A7-E9EC-2BF3-B7A83FA2E5E1}.Release|Any CPU.ActiveCfg = Release|Any CPU
		{930F4FB4-A2A7-E9EC-2BF3-B7A83FA2E5E1}.Release|Any CPU.Build.0 = Release|Any CPU
		{05AEDB25-0244-BEA5-7336-3B7AC26A079F}.Debug|Any CPU.ActiveCfg = Debug|Any CPU
		{05AEDB25-0244-BEA5-7336-3B7AC26A079F}.Debug|Any CPU.Build.0 = Debug|Any CPU
		{05AEDB25-0244-BEA5-7336-3B7AC26A079F}.Release|Any CPU.ActiveCfg = Release|Any CPU
		{05AEDB25-0244-BEA5-7336-3B7AC26A079F}.Release|Any CPU.Build.0 = Release|Any CPU
		{68E4A899-FB4D-17E7-0974-27F89330675E}.Debug|Any CPU.ActiveCfg = Debug|Any CPU
		{68E4A899-FB4D-17E7-0974-27F89330675E}.Debug|Any CPU.Build.0 = Debug|Any CPU
		{68E4A899-FB4D-17E7-0974-27F89330675E}.Release|Any CPU.ActiveCfg = Release|Any CPU
		{68E4A899-FB4D-17E7-0974-27F89330675E}.Release|Any CPU.Build.0 = Release|Any CPU
	EndGlobalSection
	GlobalSection(SolutionProperties) = preSolution
		HideSolutionNode = FALSE
	EndGlobalSection
																																																					GlobalSection(MonoDevelopProperties) = preSolution
		StartupItem = Assembly-CSharp.csproj
		Policies = $0
		$0.TextStylePolicy = $1
		$1.inheritsSet = null
		$1.scope = text/x-csharp
		$0.CSharpFormattingPolicy = $2
		$2.inheritsSet = Mono
		$2.inheritsScope = text/x-csharp
		$2.scope = text/x-csharp
		$0.TextStylePolicy = $3
		$3.FileWidth = 120
		$3.TabWidth = 4
		$3.EolMarker = Unix
		$3.inheritsSet = Mono
		$3.inheritsScope = text/plain
		$3.scope = text/plain
	EndGlobalSection

EndGlobal
